{
  "pins" : [
    {
      "identity" : "api",
      "kind" : "remoteSourceControl",
      "location" : "https://github.com/TradeWithIt/API",
      "state" : {
        "branch" : "main",
        "revision" : "2fd11851ea005749ab70947c4aa8d9356fa59bb2"
      }
    },
    {
      "identity" : "cryptoswift",
      "kind" : "remoteSourceControl",
      "location" : "https://github.com/krzyzanowskim/CryptoSwift.git",
      "state" : {
        "revision" : "4c4662dcff510fe0c74323279711daed16f08528",
        "version" : "1.5.0"
      }
    }
  ],
  "version" : 2
}
